
Microsoft Visual Studio Solution File, Format Version 12.00
Project("{FAE04EC0-301F-11D3-BF4B-00C04F79EFBC}") = "Blazor", "Blazor\Blazor.csproj", "{F609F50C-5788-48B3-91CB-189DE663624D}"
EndProject
Project("{FAE04EC0-301F-11D3-BF4B-00C04F79EFBC}") = "WebApi", "WebApi\WebApi.csproj", "{E44C5221-9230-4DAB-9536-A2E9504F4A65}"
EndProject
Project("{FAE04EC0-301F-11D3-BF4B-00C04F79EFBC}") = "Shared", "Shared\Shared.csproj", "{72276651-A060-4144-B458-76F781B141F3}"
EndProject
Project("{FAE04EC0-301F-11D3-BF4B-00C04F79EFBC}") = "Data", "Data\Data.csproj", "{3495B612-AB90-4B5E-A3DA-F5D7699DA8A0}"
EndProject
Global
	GlobalSection(SolutionConfigurationPlatforms) = preSolution
		Debug|Any CPU = Debug|Any CPU
		Release|Any CPU = Release|Any CPU
	EndGlobalSection
	GlobalSection(ProjectConfigurationPlatforms) = postSolution
		{F609F50C-5788-48B3-91CB-189DE663624D}.Debug|Any CPU.ActiveCfg = Debug|Any CPU
		{F609F50C-5788-48B3-91CB-189DE663624D}.Debug|Any CPU.Build.0 = Debug|Any CPU
		{F609F50C-5788-48B3-91CB-189DE663624D}.Release|Any CPU.ActiveCfg = Release|Any CPU
		{F609F50C-5788-48B3-91CB-189DE663624D}.Release|Any CPU.Build.0 = Release|Any CPU
		{E44C5221-9230-4DAB-9536-A2E9504F4A65}.Debug|Any CPU.ActiveCfg = Debug|Any CPU
		{E44C5221-9230-4DAB-9536-A2E9504F4A65}.Debug|Any CPU.Build.0 = Debug|Any CPU
		{E44C5221-9230-4DAB-9536-A2E9504F4A65}.Release|Any CPU.ActiveCfg = Release|Any CPU
		{E44C5221-9230-4DAB-9536-A2E9504F4A65}.Release|Any CPU.Build.0 = Release|Any CPU
		{72276651-A060-4144-B458-76F781B141F3}.Debug|Any CPU.ActiveCfg = Debug|Any CPU
		{72276651-A060-4144-B458-76F781B141F3}.Debug|Any CPU.Build.0 = Debug|Any CPU
		{72276651-A060-4144-B458-76F781B141F3}.Release|Any CPU.ActiveCfg = Release|Any CPU
		{72276651-A060-4144-B458-76F781B141F3}.Release|Any CPU.Build.0 = Release|Any CPU
		{3495B612-AB90-4B5E-A3DA-F5D7699DA8A0}.Debug|Any CPU.ActiveCfg = Debug|Any CPU
		{3495B612-AB90-4B5E-A3DA-F5D7699DA8A0}.Debug|Any CPU.Build.0 = Debug|Any CPU
		{3495B612-AB90-4B5E-A3DA-F5D7699DA8A0}.Release|Any CPU.ActiveCfg = Release|Any CPU
		{3495B612-AB90-4B5E-A3DA-F5D7699DA8A0}.Release|Any CPU.Build.0 = Release|Any CPU
	EndGlobalSection
EndGlobal
